
Microsoft Visual Studio Solution File, Format Version 12.00
# Visual Studio Version 17
VisualStudioVersion = 17.9.34728.123
MinimumVisualStudioVersion = 10.0.40219.1
Project("{9A19103F-16F7-4668-BE54-9A1E7A4F7556}") = "Hotel.Api", "Hotel.Api\Hotel.Api.csproj", "{8BBF9A3F-C4CA-4A11-BA0F-2E3BE5CB501F}"
EndProject
Project("{9A19103F-16F7-4668-BE54-9A1E7A4F7556}") = "Hotel.Client", "Hotel.Client\Hotel.Client.csproj", "{08528E6A-E09B-4E2F-8DB2-2FFAF321E540}"
EndProject
Project("{2150E333-8FDC-42A3-9474-1A3956D46DE8}") = "Service", "Service", "{7D9A8D6A-2D06-484F-ADEB-C1A6644EDAA1}"
EndProject
Global
	GlobalSection(SolutionConfigurationPlatforms) = preSolution
		Debug|Any CPU = Debug|Any CPU
		Release|Any CPU = Release|Any CPU
	EndGlobalSection
	GlobalSection(ProjectConfigurationPlatforms) = postSolution
		{8BBF9A3F-C4CA-4A11-BA0F-2E3BE5CB501F}.Debug|Any CPU.ActiveCfg = Debug|Any CPU
		{8BBF9A3F-C4CA-4A11-BA0F-2E3BE5CB501F}.Debug|Any CPU.Build.0 = Debug|Any CPU
		{8BBF9A3F-C4CA-4A11-BA0F-2E3BE5CB501F}.Release|Any CPU.ActiveCfg = Release|Any CPU
		{8BBF9A3F-C4CA-4A11-BA0F-2E3BE5CB501F}.Release|Any CPU.Build.0 = Release|Any CPU
		{08528E6A-E09B-4E2F-8DB2-2FFAF321E540}.Debug|Any CPU.ActiveCfg = Debug|Any CPU
		{08528E6A-E09B-4E2F-8DB2-2FFAF321E540}.Debug|Any CPU.Build.0 = Debug|Any CPU
		{08528E6A-E09B-4E2F-8DB2-2FFAF321E540}.Release|Any CPU.ActiveCfg = Release|Any CPU
		{08528E6A-E09B-4E2F-8DB2-2FFAF321E540}.Release|Any CPU.Build.0 = Release|Any CPU
	EndGlobalSection
	GlobalSection(SolutionProperties) = preSolution
		HideSolutionNode = FALSE
	EndGlobalSection
	GlobalSection(NestedProjects) = preSolution
		{8BBF9A3F-C4CA-4A11-BA0F-2E3BE5CB501F} = {7D9A8D6A-2D06-484F-ADEB-C1A6644EDAA1}
		{08528E6A-E09B-4E2F-8DB2-2FFAF321E540} = {7D9A8D6A-2D06-484F-ADEB-C1A6644EDAA1}
	EndGlobalSection
	GlobalSection(ExtensibilityGlobals) = postSolution
		SolutionGuid = {C59B36AC-52E8-4E91-B60F-7F794A971891}
	EndGlobalSection
EndGlobal
