
Microsoft Visual Studio Solution File, Format Version 12.00
# Visual Studio Version 17
VisualStudioVersion = 17.9.34728.123
MinimumVisualStudioVersion = 10.0.40219.1
Project("{FAE04EC0-301F-11D3-BF4B-00C04F79EFBC}") = "Hotel.Domian", "Hotel.Domian\Hotel.Domian.csproj", "{0CCB52C4-C7A4-4397-9B65-4AAB7DECCE33}"
EndProject
Project("{FAE04EC0-301F-11D3-BF4B-00C04F79EFBC}") = "Application.DTOS", "Application.DTOS\Application.DTOS.csproj", "{29986B45-3F06-4029-B6D0-69A8F7F6B547}"
EndProject
Project("{FAE04EC0-301F-11D3-BF4B-00C04F79EFBC}") = "Hotel.Infraestructure", "Hotel.Infraestructure\Hotel.Infraestructure.csproj", "{7882DDA1-A7A0-4AC6-9EEB-58CA858FEBC5}"
EndProject
Project("{FAE04EC0-301F-11D3-BF4B-00C04F79EFBC}") = "Hotel.Interface", "Hotel.Interface\Hotel.Interface.csproj", "{9DD8293D-3E42-4D0E-97CE-660A16B1FEE8}"
EndProject
Project("{FAE04EC0-301F-11D3-BF4B-00C04F79EFBC}") = "Hotel.Persistence", "Hotel.Persistence\Hotel.Persistence.csproj", "{F26F3014-24D0-422E-A016-C52FDA78AA12}"
EndProject
Project("{FAE04EC0-301F-11D3-BF4B-00C04F79EFBC}") = "Hotel.UseCases", "Hotel.UseCases\Hotel.UseCases.csproj", "{46728120-D33A-4B12-96FF-3FC50CEF5767}"
EndProject
Project("{FAE04EC0-301F-11D3-BF4B-00C04F79EFBC}") = "Hotel.Utils", "Hotel.Utils\Hotel.Utils.csproj", "{D6D724C4-1282-4A64-A9FA-ACAB8E4247BF}"
EndProject
Project("{FAE04EC0-301F-11D3-BF4B-00C04F79EFBC}") = "Hotel.Api", "Hotel.Api\Hotel.Api.csproj", "{8BBF9A3F-C4CA-4A11-BA0F-2E3BE5CB501F}"
EndProject
Project("{FAE04EC0-301F-11D3-BF4B-00C04F79EFBC}") = "Hotel.Client", "Hotel.Client\Hotel.Client.csproj", "{08528E6A-E09B-4E2F-8DB2-2FFAF321E540}"
EndProject
Project("{2150E333-8FDC-42A3-9474-1A3956D46DE8}") = "Application", "Application", "{179F63C2-5594-4E08-953C-B4FDEC620F95}"
EndProject
Project("{2150E333-8FDC-42A3-9474-1A3956D46DE8}") = "Domain", "Domain", "{5E788427-5F34-4683-B598-536B3B5B8950}"
EndProject
Project("{2150E333-8FDC-42A3-9474-1A3956D46DE8}") = "Infraestructure", "Infraestructure", "{62210267-7175-41CB-AD7C-BF4F6A23721B}"
EndProject
Project("{2150E333-8FDC-42A3-9474-1A3956D46DE8}") = "Service", "Service", "{7D9A8D6A-2D06-484F-ADEB-C1A6644EDAA1}"
EndProject
Project("{2150E333-8FDC-42A3-9474-1A3956D46DE8}") = "Utils", "Utils", "{F75579CA-A14A-4FAD-BDA5-7EA271B2D6A9}"
EndProject
Project("{2150E333-8FDC-42A3-9474-1A3956D46DE8}") = "Tests", "Tests", "{776E2343-4C42-4038-BDA8-D7101259FFC4}"
EndProject
Global
	GlobalSection(SolutionConfigurationPlatforms) = preSolution
		Debug|Any CPU = Debug|Any CPU
		Release|Any CPU = Release|Any CPU
	EndGlobalSection
	GlobalSection(ProjectConfigurationPlatforms) = postSolution
		{0CCB52C4-C7A4-4397-9B65-4AAB7DECCE33}.Debug|Any CPU.ActiveCfg = Debug|Any CPU
		{0CCB52C4-C7A4-4397-9B65-4AAB7DECCE33}.Debug|Any CPU.Build.0 = Debug|Any CPU
		{0CCB52C4-C7A4-4397-9B65-4AAB7DECCE33}.Release|Any CPU.ActiveCfg = Release|Any CPU
		{0CCB52C4-C7A4-4397-9B65-4AAB7DECCE33}.Release|Any CPU.Build.0 = Release|Any CPU
		{29986B45-3F06-4029-B6D0-69A8F7F6B547}.Debug|Any CPU.ActiveCfg = Debug|Any CPU
		{29986B45-3F06-4029-B6D0-69A8F7F6B547}.Debug|Any CPU.Build.0 = Debug|Any CPU
		{29986B45-3F06-4029-B6D0-69A8F7F6B547}.Release|Any CPU.ActiveCfg = Release|Any CPU
		{29986B45-3F06-4029-B6D0-69A8F7F6B547}.Release|Any CPU.Build.0 = Release|Any CPU
		{7882DDA1-A7A0-4AC6-9EEB-58CA858FEBC5}.Debug|Any CPU.ActiveCfg = Debug|Any CPU
		{7882DDA1-A7A0-4AC6-9EEB-58CA858FEBC5}.Debug|Any CPU.Build.0 = Debug|Any CPU
		{7882DDA1-A7A0-4AC6-9EEB-58CA858FEBC5}.Release|Any CPU.ActiveCfg = Release|Any CPU
		{7882DDA1-A7A0-4AC6-9EEB-58CA858FEBC5}.Release|Any CPU.Build.0 = Release|Any CPU
		{9DD8293D-3E42-4D0E-97CE-660A16B1FEE8}.Debug|Any CPU.ActiveCfg = Debug|Any CPU
		{9DD8293D-3E42-4D0E-97CE-660A16B1FEE8}.Debug|Any CPU.Build.0 = Debug|Any CPU
		{9DD8293D-3E42-4D0E-97CE-660A16B1FEE8}.Release|Any CPU.ActiveCfg = Release|Any CPU
		{9DD8293D-3E42-4D0E-97CE-660A16B1FEE8}.Release|Any CPU.Build.0 = Release|Any CPU
		{F26F3014-24D0-422E-A016-C52FDA78AA12}.Debug|Any CPU.ActiveCfg = Debug|Any CPU
		{F26F3014-24D0-422E-A016-C52FDA78AA12}.Debug|Any CPU.Build.0 = Debug|Any CPU
		{F26F3014-24D0-422E-A016-C52FDA78AA12}.Release|Any CPU.ActiveCfg = Release|Any CPU
		{F26F3014-24D0-422E-A016-C52FDA78AA12}.Release|Any CPU.Build.0 = Release|Any CPU
		{46728120-D33A-4B12-96FF-3FC50CEF5767}.Debug|Any CPU.ActiveCfg = Debug|Any CPU
		{46728120-D33A-4B12-96FF-3FC50CEF5767}.Debug|Any CPU.Build.0 = Debug|Any CPU
		{46728120-D33A-4B12-96FF-3FC50CEF5767}.Release|Any CPU.ActiveCfg = Release|Any CPU
		{46728120-D33A-4B12-96FF-3FC50CEF5767}.Release|Any CPU.Build.0 = Release|Any CPU
		{D6D724C4-1282-4A64-A9FA-ACAB8E4247BF}.Debug|Any CPU.ActiveCfg = Debug|Any CPU
		{D6D724C4-1282-4A64-A9FA-ACAB8E4247BF}.Debug|Any CPU.Build.0 = Debug|Any CPU
		{D6D724C4-1282-4A64-A9FA-ACAB8E4247BF}.Release|Any CPU.ActiveCfg = Release|Any CPU
		{D6D724C4-1282-4A64-A9FA-ACAB8E4247BF}.Release|Any CPU.Build.0 = Release|Any CPU
		{8BBF9A3F-C4CA-4A11-BA0F-2E3BE5CB501F}.Debug|Any CPU.ActiveCfg = Debug|Any CPU
		{8BBF9A3F-C4CA-4A11-BA0F-2E3BE5CB501F}.Debug|Any CPU.Build.0 = Debug|Any CPU
		{8BBF9A3F-C4CA-4A11-BA0F-2E3BE5CB501F}.Release|Any CPU.ActiveCfg = Release|Any CPU
		{8BBF9A3F-C4CA-4A11-BA0F-2E3BE5CB501F}.Release|Any CPU.Build.0 = Release|Any CPU
		{08528E6A-E09B-4E2F-8DB2-2FFAF321E540}.Debug|Any CPU.ActiveCfg = Debug|Any CPU
		{08528E6A-E09B-4E2F-8DB2-2FFAF321E540}.Debug|Any CPU.Build.0 = Debug|Any CPU
		{08528E6A-E09B-4E2F-8DB2-2FFAF321E540}.Release|Any CPU.ActiveCfg = Release|Any CPU
		{08528E6A-E09B-4E2F-8DB2-2FFAF321E540}.Release|Any CPU.Build.0 = Release|Any CPU
	EndGlobalSection
	GlobalSection(SolutionProperties) = preSolution
		HideSolutionNode = FALSE
	EndGlobalSection
	GlobalSection(NestedProjects) = preSolution
		{0CCB52C4-C7A4-4397-9B65-4AAB7DECCE33} = {5E788427-5F34-4683-B598-536B3B5B8950}
		{29986B45-3F06-4029-B6D0-69A8F7F6B547} = {179F63C2-5594-4E08-953C-B4FDEC620F95}
		{7882DDA1-A7A0-4AC6-9EEB-58CA858FEBC5} = {62210267-7175-41CB-AD7C-BF4F6A23721B}
		{9DD8293D-3E42-4D0E-97CE-660A16B1FEE8} = {179F63C2-5594-4E08-953C-B4FDEC620F95}
		{F26F3014-24D0-422E-A016-C52FDA78AA12} = {62210267-7175-41CB-AD7C-BF4F6A23721B}
		{46728120-D33A-4B12-96FF-3FC50CEF5767} = {179F63C2-5594-4E08-953C-B4FDEC620F95}
		{D6D724C4-1282-4A64-A9FA-ACAB8E4247BF} = {F75579CA-A14A-4FAD-BDA5-7EA271B2D6A9}
		{8BBF9A3F-C4CA-4A11-BA0F-2E3BE5CB501F} = {7D9A8D6A-2D06-484F-ADEB-C1A6644EDAA1}
		{08528E6A-E09B-4E2F-8DB2-2FFAF321E540} = {7D9A8D6A-2D06-484F-ADEB-C1A6644EDAA1}
	EndGlobalSection
	GlobalSection(ExtensibilityGlobals) = postSolution
		SolutionGuid = {C59B36AC-52E8-4E91-B60F-7F794A971891}
	EndGlobalSection
EndGlobal
